<?xml version="1.0" encoding="utf-8"?>
<Project ToolsVersion="4.0" xmlns="http://schemas.microsoft.com/developer/msbuild/2003">
  <ItemGroup>
    <Filter Include="Source Files">
      <UniqueIdentifier>{4FC737F1-C7A5-4376-A066-2A32D752A2FF}</UniqueIdentifier>
      <Extensions>cpp;cxx;c;def</Extensions>
    </Filter>
    <Filter Include="Header Files">
      <UniqueIdentifier>{93995380-89BD-4b04-88EB-625FBE52EBFB}</UniqueIdentifier>
      <Extensions>h</Extensions>
    </Filter>
    <Filter Include="Form Files">
      <UniqueIdentifier>{99349809-55BA-4b9d-BF79-8FDBB0286EB3}</UniqueIdentifier>
      <Extensions>ui</Extensions>
    </Filter>
    <Filter Include="Resource Files">
      <UniqueIdentifier>{D9D6E242-F8AF-46E4-B9FD-80ECBC20BA3E}</UniqueIdentifier>
      <Extensions>qrc;*</Extensions>
      <ParseFiles>false</ParseFiles>
    </Filter>
    <Filter Include="Generated Files">
      <UniqueIdentifier>{71ED8ED8-ACB9-4CE9-BBE1-E00B30144E11}</UniqueIdentifier>
      <Extensions>moc;h;cpp</Extensions>
      <SourceControlFiles>False</SourceControlFiles>
    </Filter>
    <Filter Include="Generated Files\Debug">
      <UniqueIdentifier>{fcc924b4-3969-4a36-ac20-2f8007c034b8}</UniqueIdentifier>
      <Extensions>cpp;moc</Extensions>
      <SourceControlFiles>False</SourceControlFiles>
    </Filter>
    <Filter Include="Generated Files\Release">
      <UniqueIdentifier>{3146e1af-0c28-4cc5-9e42-280e3a6ef4b6}</UniqueIdentifier>
      <Extensions>cpp;moc</Extensions>
      <SourceControlFiles>False</SourceControlFiles>
    </Filter>
    <Filter Include="Arcball">
      <UniqueIdentifier>{5cf9a369-cafd-409e-a930-ad82d1b8e88b}</UniqueIdentifier>
    </Filter>
    <Filter Include="FX">
      <UniqueIdentifier>{8cc5a3fc-b8e0-4f35-a994-19d4048c60fd}</UniqueIdentifier>
    </Filter>
    <Filter Include="Effects">
      <UniqueIdentifier>{39201af2-b206-468a-8327-d4d379c62c57}</UniqueIdentifier>
    </Filter>
    <Filter Include="D3DApp">
      <UniqueIdentifier>{762c14b0-37f2-47f5-9acb-4bdaa4826f65}</UniqueIdentifier>
    </Filter>
    <Filter Include="RenderStates">
      <UniqueIdentifier>{d7ed3901-6c80-4ce8-96e7-4a14794e9c41}</UniqueIdentifier>
    </Filter>
  </ItemGroup>
  <ItemGroup>
    <ClCompile Include="main.cpp">
      <Filter>Source Files</Filter>
    </ClCompile>
    <ClCompile Include="d3drenderengine.cpp">
      <Filter>Source Files</Filter>
    </ClCompile>
    <ClCompile Include="GeneratedFiles\Debug\moc_d3drenderengine.cpp">
      <Filter>Generated Files\Debug</Filter>
    </ClCompile>
    <ClCompile Include="GeneratedFiles\Release\moc_d3drenderengine.cpp">
      <Filter>Generated Files\Release</Filter>
    </ClCompile>
    <ClCompile Include="GeneratedFiles\qrc_d3drenderengine.cpp">
      <Filter>Generated Files</Filter>
    </ClCompile>
    <ClCompile Include="RenderWidget.cpp">
      <Filter>Source Files</Filter>
    </ClCompile>
    <ClCompile Include="GeneratedFiles\Debug\moc_RenderWidget.cpp">
      <Filter>Generated Files\Debug</Filter>
    </ClCompile>
    <ClCompile Include="GeneratedFiles\Release\moc_RenderWidget.cpp">
      <Filter>Generated Files\Release</Filter>
    </ClCompile>
    <ClCompile Include="GameTimer.cpp">
      <Filter>Source Files</Filter>
    </ClCompile>
    <ClCompile Include="Camera.cpp">
      <Filter>Source Files</Filter>
    </ClCompile>
    <ClCompile Include="Arcball\ArcBall.cpp">
      <Filter>Arcball</Filter>
    </ClCompile>
    <ClCompile Include="GlobalSys.cpp">
      <Filter>Source Files</Filter>
    </ClCompile>
    <ClCompile Include="Effects\Effects.cpp">
      <Filter>Effects</Filter>
    </ClCompile>
    <ClCompile Include="Vertex.cpp">
      <Filter>Source Files</Filter>
    </ClCompile>
    <ClCompile Include="D3DApp\D3DApp.cpp">
      <Filter>D3DApp</Filter>
    </ClCompile>
    <ClCompile Include="D3DApp\HillWaveApp.cpp">
      <Filter>D3DApp</Filter>
    </ClCompile>
    <ClCompile Include="D3DApp\MirrorApp.cpp">
      <Filter>D3DApp</Filter>
    </ClCompile>
    <ClCompile Include="D3DApp\TessellationApp.cpp">
      <Filter>D3DApp</Filter>
    </ClCompile>
    <ClCompile Include="D3DApp\AltarApp.cpp">
      <Filter>D3DApp</Filter>
    </ClCompile>
    <ClCompile Include="D3DApp\CubeMapApp.cpp">
      <Filter>D3DApp</Filter>
    </ClCompile>
    <ClCompile Include="Sky.cpp">
      <Filter>Source Files</Filter>
    </ClCompile>
    <ClCompile Include="D3DApp\NormalDisplacementMapApp.cpp">
      <Filter>D3DApp</Filter>
    </ClCompile>
    <ClCompile Include="D3DApp\TerrainApp.cpp">
      <Filter>D3DApp</Filter>
    </ClCompile>
    <ClCompile Include="Terrain.cpp">
      <Filter>Source Files</Filter>
    </ClCompile>
    <ClCompile Include="ParticleSystem.cpp">
      <Filter>Source Files</Filter>
    </ClCompile>
    <ClCompile Include="D3DApp\ParticleApp.cpp">
      <Filter>D3DApp</Filter>
    </ClCompile>
    <ClCompile Include="D3DApp\ShadowApp.cpp">
      <Filter>D3DApp</Filter>
    </ClCompile>
    <ClCompile Include="ShadowMap.cpp">
      <Filter>Source Files</Filter>
    </ClCompile>
    <ClCompile Include="Ssao.cpp">
      <Filter>Source Files</Filter>
    </ClCompile>
    <ClCompile Include="D3DApp\SSAOApp.cpp">
      <Filter>D3DApp</Filter>
    </ClCompile>
    <ClCompile Include="RenderStates\RenderStates.cpp">
      <Filter>RenderStates</Filter>
    </ClCompile>
    <ClCompile Include="D3DApp\AnimationApp.cpp">
      <Filter>D3DApp</Filter>
    </ClCompile>
    <ClCompile Include="LoadM3d.cpp">
      <Filter>Source Files</Filter>
    </ClCompile>
    <ClCompile Include="SkinnedData.cpp">
      <Filter>Source Files</Filter>
    </ClCompile>
    <ClCompile Include="SkinnedModel.cpp">
      <Filter>Source Files</Filter>
    </ClCompile>
    <ClCompile Include="MeshGeometry.cpp">
      <Filter>Source Files</Filter>
    </ClCompile>
  </ItemGroup>
  <ItemGroup>
    <CustomBuild Include="d3drenderengine.h">
      <Filter>Header Files</Filter>
    </CustomBuild>
    <CustomBuild Include="d3drenderengine.ui">
      <Filter>Form Files</Filter>
    </CustomBuild>
    <CustomBuild Include="d3drenderengine.qrc">
      <Filter>Resource Files</Filter>
    </CustomBuild>
    <CustomBuild Include="RenderWidget.h">
      <Filter>Header Files</Filter>
    </CustomBuild>
  </ItemGroup>
  <ItemGroup>
    <ClInclude Include="GeneratedFiles\ui_d3drenderengine.h">
      <Filter>Generated Files</Filter>
    </ClInclude>
    <ClInclude Include="GameTimer.h">
      <Filter>Header Files</Filter>
    </ClInclude>
    <ClInclude Include="Camera.h">
      <Filter>Header Files</Filter>
    </ClInclude>
    <ClInclude Include="Arcball\ArcBall.h">
      <Filter>Arcball</Filter>
    </ClInclude>
    <ClInclude Include="Arcball\MyArcball.h">
      <Filter>Arcball</Filter>
    </ClInclude>
    <ClInclude Include="foundation.h">
      <Filter>Header Files</Filter>
    </ClInclude>
    <ClInclude Include="GlobalSys.h">
      <Filter>Header Files</Filter>
    </ClInclude>
    <ClInclude Include="Effects\Effects.h">
      <Filter>Effects</Filter>
    </ClInclude>
    <ClInclude Include="Vertex.h">
      <Filter>Header Files</Filter>
    </ClInclude>
    <ClInclude Include="D3DApp\D3DApp.h">
      <Filter>D3DApp</Filter>
    </ClInclude>
    <ClInclude Include="D3DApp\HillWaveApp.h">
      <Filter>D3DApp</Filter>
    </ClInclude>
    <ClInclude Include="D3DApp\MirrorApp.h">
      <Filter>D3DApp</Filter>
    </ClInclude>
    <ClInclude Include="D3DApp\TessellationApp.h">
      <Filter>D3DApp</Filter>
    </ClInclude>
    <ClInclude Include="D3DApp\AltarApp.h">
      <Filter>D3DApp</Filter>
    </ClInclude>
    <ClInclude Include="D3DApp\CubeMapApp.h">
      <Filter>D3DApp</Filter>
    </ClInclude>
    <ClInclude Include="Sky.h">
      <Filter>Header Files</Filter>
    </ClInclude>
    <ClInclude Include="D3DApp\NormalDisplacementMapApp.h">
      <Filter>D3DApp</Filter>
    </ClInclude>
    <ClInclude Include="D3DApp\TerrainApp.h">
      <Filter>D3DApp</Filter>
    </ClInclude>
    <ClInclude Include="Terrain.h">
      <Filter>Header Files</Filter>
    </ClInclude>
    <ClInclude Include="ParticleSystem.h">
      <Filter>Header Files</Filter>
    </ClInclude>
    <ClInclude Include="D3DApp\ParticleApp.h">
      <Filter>D3DApp</Filter>
    </ClInclude>
    <ClInclude Include="D3DApp\ShadowApp.h">
      <Filter>D3DApp</Filter>
    </ClInclude>
    <ClInclude Include="ShadowMap.h">
      <Filter>Header Files</Filter>
    </ClInclude>
    <ClInclude Include="D3DApp\SSAOApp.h">
      <Filter>D3DApp</Filter>
    </ClInclude>
    <ClInclude Include="Ssao.h">
      <Filter>Header Files</Filter>
    </ClInclude>
    <ClInclude Include="RenderStates\RenderStates.h">
      <Filter>RenderStates</Filter>
    </ClInclude>
    <ClInclude Include="D3DApp\AnimationApp.h">
      <Filter>D3DApp</Filter>
    </ClInclude>
    <ClInclude Include="LoadM3d.h">
      <Filter>Header Files</Filter>
    </ClInclude>
    <ClInclude Include="SkinnedData.h">
      <Filter>Header Files</Filter>
    </ClInclude>
    <ClInclude Include="SkinnedModel.h">
      <Filter>Header Files</Filter>
    </ClInclude>
    <ClInclude Include="MeshGeometry.h">
      <Filter>Header Files</Filter>
    </ClInclude>
  </ItemGroup>
  <ItemGroup>
    <FxCompile Include="FX\Basic.fx">
      <Filter>FX</Filter>
    </FxCompile>
    <FxCompile Include="FX\LightHelper.fx">
      <Filter>FX</Filter>
    </FxCompile>
    <FxCompile Include="FX\Tessellation.fx">
      <Filter>FX</Filter>
    </FxCompile>
    <FxCompile Include="FX\Sky.fx">
      <Filter>FX</Filter>
    </FxCompile>
    <FxCompile Include="FX\DisplacementMap.fx">
      <Filter>FX</Filter>
    </FxCompile>
    <FxCompile Include="FX\NormalMap.fx">
      <Filter>FX</Filter>
    </FxCompile>
    <FxCompile Include="FX\Terrain.fx">
      <Filter>FX</Filter>
    </FxCompile>
    <FxCompile Include="FX\Fire.fx">
      <Filter>FX</Filter>
    </FxCompile>
  </ItemGroup>
</Project>